lockfileVersion: '9.0'

settings:
  autoInstallPeers: true
  excludeLinksFromLockfile: false

importers:

  .:
    dependencies:
      '@types/node':
        specifier: ^24.0.0
        version: 24.12.2

  apps/pvf-explorer:
    dependencies:
      '@pvf/equ-ast':
        specifier: workspace:*
        version: link:../../packages/equ-ast
    devDependencies:
      '@tsconfig/node24':
        specifier: ^24.0.0
        version: 24.0.4
      '@tsconfig/strictest':
        specifier: ^2.0.5
        version: 2.0.8
      '@types/node':
        specifier: ^24.0.0
        version: 24.12.2
      typescript:
        specifier: ^6.0.2
        version: 6.0.2

  mods/2_3_choro_partset_skill_up:
    dependencies:
      '@pvf/equ-ast':
        specifier: workspace:*
        version: link:../../packages/equ-ast
    devDependencies:
      '@tsconfig/node24':
        specifier: ^24.0.0
        version: 24.0.4
      '@tsconfig/strictest':
        specifier: ^2.0.5
        version: 2.0.8
      '@types/node':
        specifier: ^24.0.0
        version: 24.12.2
      typescript:
        specifier: ^6.0.2
        version: 6.0.2

  packages/equ-ast:
    devDependencies:
      '@tsconfig/node24':
        specifier: ^24.0.0
        version: 24.0.4
      '@tsconfig/strictest':
        specifier: ^2.0.5
        version: 2.0.8
      '@types/node':
        specifier: ^24.0.0
        version: 24.12.2
      typescript:
        specifier: ^6.0.2
        version: 6.0.2

  packages/equ-schema-miner:
    dependencies:
      '@pvf/equ-ast':
        specifier: workspace:*
        version: link:../equ-ast
    devDependencies:
      '@tsconfig/node24':
        specifier: ^24.0.0
        version: 24.0.4
      '@tsconfig/strictest':
        specifier: ^2.0.5
        version: 2.0.8
      '@types/node':
        specifier: ^24.0.0
        version: 24.12.2
      typescript:
        specifier: ^6.0.2
        version: 6.0.2

  packages/pvf-core:
    dependencies:
      iconv-lite:
        specifier: ^0.6.3
        version: 0.6.3
    devDependencies:
      '@tsconfig/node24':
        specifier: ^24.0.0
        version: 24.0.4
      '@tsconfig/strictest':
        specifier: ^2.0.5
        version: 2.0.8
      '@types/node':
        specifier: ^24.0.0
        version: 24.12.2
      typescript:
        specifier: ^6.0.2
        version: 6.0.2

packages:

  '@tsconfig/node24@24.0.4':
    resolution: {integrity: sha512-2A933l5P5oCbv6qSxHs7ckKwobs8BDAe9SJ/Xr2Hy+nDlwmLE1GhFh/g/vXGRZWgxBg9nX/5piDtHR9Dkw/XuA==}

  '@tsconfig/strictest@2.0.8':
    resolution: {integrity: sha512-XnQ7vNz5HRN0r88GYf1J9JJjqtZPiHt2woGJOo2dYqyHGGcd6OLGqSlBB6p1j9mpzja6Oe5BoPqWmeDx6X9rLw==}

  '@types/node@24.12.2':
    resolution: {integrity: sha512-A1sre26ke7HDIuY/M23nd9gfB+nrmhtYyMINbjI1zHJxYteKR6qSMX56FsmjMcDb3SMcjJg5BiRRgOCC/yBD0g==}

  iconv-lite@0.6.3:
    resolution: {integrity: sha512-4fCk79wshMdzMp2rH06qWrJE4iolqLhCUH+OiuIgU++RB0+94NlDL81atO7GX55uUKueo0txHNtvEyI6D7WdMw==}
    engines: {node: '>=0.10.0'}

  safer-buffer@2.1.2:
    resolution: {integrity: sha512-YZo3K82SD7Riyi0E1EQPojLz7kpepnSQI9IyPbHHg1XXXevb5dJI7tpyN2ADxGcQbHG7vcyRHk0cbwqcQriUtg==}

  typescript@6.0.2:
    resolution: {integrity: sha512-bGdAIrZ0wiGDo5l8c++HWtbaNCWTS4UTv7RaTH/ThVIgjkveJt83m74bBHMJkuCbslY8ixgLBVZJIOiQlQTjfQ==}
    engines: {node: '>=14.17'}
    hasBin: true

  undici-types@7.16.0:
    resolution: {integrity: sha512-Zz+aZWSj8LE6zoxD+xrjh4VfkIG8Ya6LvYkZqtUQGJPZjYl53ypCaUwWqo7eI0x66KBGeRo+mlBEkMSeSZ38Nw==}

snapshots:

  '@tsconfig/node24@24.0.4': {}

  '@tsconfig/strictest@2.0.8': {}

  '@types/node@24.12.2':
    dependencies:
      undici-types: 7.16.0

  iconv-lite@0.6.3:
    dependencies:
      safer-buffer: 2.1.2

  safer-buffer@2.1.2: {}

  typescript@6.0.2: {}

  undici-types@7.16.0: {}
